
Microsoft Visual Studio Solution File, Format Version 12.00
# Visual Studio Version 16
VisualStudioVersion = 16.0.31729.503
MinimumVisualStudioVersion = 10.0.40219.1
Project("{2150E333-8FDC-42A3-9474-1A3956D46DE8}") = "Dane", "Dane", "{F8DA8F89-AC7E-454D-83D6-F6F848E19AFB}"
EndProject
Project("{2150E333-8FDC-42A3-9474-1A3956D46DE8}") = "Terminal", "Terminal", "{1F6E48B9-BA62-47D7-9B15-5F3EE537B387}"
EndProject
Project("{FAE04EC0-301F-11D3-BF4B-00C04F79EFBC}") = "Zamawiacz2022.Dane", "Zamawiacz2022.Dane\Zamawiacz2022.Dane.csproj", "{CBFE2BE7-84A3-4040-A825-946BCCE98B74}"
EndProject
Project("{FAE04EC0-301F-11D3-BF4B-00C04F79EFBC}") = "Zamawiacz2022.Terminal", "Zamawiacz2022.Terminal\Zamawiacz2022.Terminal.csproj", "{231CEFA8-17C9-44B8-B3E3-9C3BAB2C43B1}"
EndProject
Global
	GlobalSection(SolutionConfigurationPlatforms) = preSolution
		Debug|Any CPU = Debug|Any CPU
		Release|Any CPU = Release|Any CPU
	EndGlobalSection
	GlobalSection(ProjectConfigurationPlatforms) = postSolution
		{CBFE2BE7-84A3-4040-A825-946BCCE98B74}.Debug|Any CPU.ActiveCfg = Debug|Any CPU
		{CBFE2BE7-84A3-4040-A825-946BCCE98B74}.Debug|Any CPU.Build.0 = Debug|Any CPU
		{CBFE2BE7-84A3-4040-A825-946BCCE98B74}.Release|Any CPU.ActiveCfg = Release|Any CPU
		{CBFE2BE7-84A3-4040-A825-946BCCE98B74}.Release|Any CPU.Build.0 = Release|Any CPU
		{231CEFA8-17C9-44B8-B3E3-9C3BAB2C43B1}.Debug|Any CPU.ActiveCfg = Debug|Any CPU
		{231CEFA8-17C9-44B8-B3E3-9C3BAB2C43B1}.Debug|Any CPU.Build.0 = Debug|Any CPU
		{231CEFA8-17C9-44B8-B3E3-9C3BAB2C43B1}.Release|Any CPU.ActiveCfg = Release|Any CPU
		{231CEFA8-17C9-44B8-B3E3-9C3BAB2C43B1}.Release|Any CPU.Build.0 = Release|Any CPU
	EndGlobalSection
	GlobalSection(SolutionProperties) = preSolution
		HideSolutionNode = FALSE
	EndGlobalSection
	GlobalSection(NestedProjects) = preSolution
		{CBFE2BE7-84A3-4040-A825-946BCCE98B74} = {F8DA8F89-AC7E-454D-83D6-F6F848E19AFB}
		{231CEFA8-17C9-44B8-B3E3-9C3BAB2C43B1} = {1F6E48B9-BA62-47D7-9B15-5F3EE537B387}
	EndGlobalSection
	GlobalSection(ExtensibilityGlobals) = postSolution
		SolutionGuid = {672427FC-E319-4177-B528-78B1ABDA9113}
	EndGlobalSection
EndGlobal
